
Microsoft Visual Studio Solution File, Format Version 12.00
# Visual Studio Version 16
VisualStudioVersion = 16.0.30709.132
MinimumVisualStudioVersion = 10.0.40219.1
Project("{9A19103F-16F7-4668-BE54-9A1E7A4F7556}") = "FactoryMethod", "FactoryMethod\FactoryMethod.csproj", "{8E0CAF29-4BFE-448C-9331-720D55EDD6E2}"
EndProject
Project("{9A19103F-16F7-4668-BE54-9A1E7A4F7556}") = "Command", "Command\Command.csproj", "{AEF78B2C-9B0E-487D-9B02-B101DAE07D9C}"
EndProject
Project("{FAE04EC0-301F-11D3-BF4B-00C04F79EFBC}") = "ConsoleApp1", "..\Helper\ConsoleApp1\ConsoleApp1.csproj", "{FA127C0F-FA84-42F1-A986-BA660AF4D2DB}"
EndProject
Project("{9A19103F-16F7-4668-BE54-9A1E7A4F7556}") = "Singleton", "Singleton\Singleton.csproj", "{2B22E210-DF75-4B7C-9308-D1F8E8B09240}"
EndProject
Project("{9A19103F-16F7-4668-BE54-9A1E7A4F7556}") = "AbstractFactory", "AbstractFactory\AbstractFactory.csproj", "{EB3585AA-B12E-414A-8F99-61452DA317DA}"
EndProject
Project("{9A19103F-16F7-4668-BE54-9A1E7A4F7556}") = "Builder", "Builder\Builder.csproj", "{51841DA8-360B-4A4F-9D32-5AA08F319D03}"
EndProject
Project("{9A19103F-16F7-4668-BE54-9A1E7A4F7556}") = "Prototype", "Prototype\Prototype.csproj", "{58ECBB3B-36C1-4E1B-8556-0103D7CC0312}"
EndProject
Project("{2150E333-8FDC-42A3-9474-1A3956D46DE8}") = "CreationalPatterns", "CreationalPatterns", "{CB84A2BF-2653-4CEE-9AD6-6A511C7F64D3}"
EndProject
Project("{2150E333-8FDC-42A3-9474-1A3956D46DE8}") = "StructuralPatterns", "StructuralPatterns", "{2DD5B555-7C60-4036-AF8C-A7072EAF1F6B}"
EndProject
Project("{9A19103F-16F7-4668-BE54-9A1E7A4F7556}") = "Adapter", "Adapter\Adapter.csproj", "{F9F0B855-358C-43CB-9443-A37A390FABD7}"
EndProject
Project("{FAE04EC0-301F-11D3-BF4B-00C04F79EFBC}") = "Bridge", "Bridge\Bridge.csproj", "{3B61583B-FEFF-41FE-8401-773D4630725A}"
EndProject
Project("{FAE04EC0-301F-11D3-BF4B-00C04F79EFBC}") = "Composite", "Composite\Composite.csproj", "{C78D174E-2DAC-4C7D-891D-6A30A84C155B}"
EndProject
Project("{2150E333-8FDC-42A3-9474-1A3956D46DE8}") = "BehavioralPatterns", "BehavioralPatterns", "{75C0BECC-7201-44A4-9FF3-0FD7684AAB88}"
EndProject
Project("{FAE04EC0-301F-11D3-BF4B-00C04F79EFBC}") = "Docker", "Docker\Docker.csproj", "{FC9AEA1F-3DDC-43FE-824C-11C50E8E9B25}"
EndProject
Global
	GlobalSection(SolutionConfigurationPlatforms) = preSolution
		Debug|Any CPU = Debug|Any CPU
		Release|Any CPU = Release|Any CPU
	EndGlobalSection
	GlobalSection(ProjectConfigurationPlatforms) = postSolution
		{8E0CAF29-4BFE-448C-9331-720D55EDD6E2}.Debug|Any CPU.ActiveCfg = Debug|Any CPU
		{8E0CAF29-4BFE-448C-9331-720D55EDD6E2}.Debug|Any CPU.Build.0 = Debug|Any CPU
		{8E0CAF29-4BFE-448C-9331-720D55EDD6E2}.Release|Any CPU.ActiveCfg = Release|Any CPU
		{8E0CAF29-4BFE-448C-9331-720D55EDD6E2}.Release|Any CPU.Build.0 = Release|Any CPU
		{AEF78B2C-9B0E-487D-9B02-B101DAE07D9C}.Debug|Any CPU.ActiveCfg = Debug|Any CPU
		{AEF78B2C-9B0E-487D-9B02-B101DAE07D9C}.Debug|Any CPU.Build.0 = Debug|Any CPU
		{AEF78B2C-9B0E-487D-9B02-B101DAE07D9C}.Release|Any CPU.ActiveCfg = Release|Any CPU
		{AEF78B2C-9B0E-487D-9B02-B101DAE07D9C}.Release|Any CPU.Build.0 = Release|Any CPU
		{FA127C0F-FA84-42F1-A986-BA660AF4D2DB}.Debug|Any CPU.ActiveCfg = Debug|Any CPU
		{FA127C0F-FA84-42F1-A986-BA660AF4D2DB}.Debug|Any CPU.Build.0 = Debug|Any CPU
		{FA127C0F-FA84-42F1-A986-BA660AF4D2DB}.Release|Any CPU.ActiveCfg = Release|Any CPU
		{FA127C0F-FA84-42F1-A986-BA660AF4D2DB}.Release|Any CPU.Build.0 = Release|Any CPU
		{2B22E210-DF75-4B7C-9308-D1F8E8B09240}.Debug|Any CPU.ActiveCfg = Debug|Any CPU
		{2B22E210-DF75-4B7C-9308-D1F8E8B09240}.Debug|Any CPU.Build.0 = Debug|Any CPU
		{2B22E210-DF75-4B7C-9308-D1F8E8B09240}.Release|Any CPU.ActiveCfg = Release|Any CPU
		{2B22E210-DF75-4B7C-9308-D1F8E8B09240}.Release|Any CPU.Build.0 = Release|Any CPU
		{EB3585AA-B12E-414A-8F99-61452DA317DA}.Debug|Any CPU.ActiveCfg = Debug|Any CPU
		{EB3585AA-B12E-414A-8F99-61452DA317DA}.Debug|Any CPU.Build.0 = Debug|Any CPU
		{EB3585AA-B12E-414A-8F99-61452DA317DA}.Release|Any CPU.ActiveCfg = Release|Any CPU
		{EB3585AA-B12E-414A-8F99-61452DA317DA}.Release|Any CPU.Build.0 = Release|Any CPU
		{51841DA8-360B-4A4F-9D32-5AA08F319D03}.Debug|Any CPU.ActiveCfg = Debug|Any CPU
		{51841DA8-360B-4A4F-9D32-5AA08F319D03}.Debug|Any CPU.Build.0 = Debug|Any CPU
		{51841DA8-360B-4A4F-9D32-5AA08F319D03}.Release|Any CPU.ActiveCfg = Release|Any CPU
		{51841DA8-360B-4A4F-9D32-5AA08F319D03}.Release|Any CPU.Build.0 = Release|Any CPU
		{58ECBB3B-36C1-4E1B-8556-0103D7CC0312}.Debug|Any CPU.ActiveCfg = Debug|Any CPU
		{58ECBB3B-36C1-4E1B-8556-0103D7CC0312}.Debug|Any CPU.Build.0 = Debug|Any CPU
		{58ECBB3B-36C1-4E1B-8556-0103D7CC0312}.Release|Any CPU.ActiveCfg = Release|Any CPU
		{58ECBB3B-36C1-4E1B-8556-0103D7CC0312}.Release|Any CPU.Build.0 = Release|Any CPU
		{F9F0B855-358C-43CB-9443-A37A390FABD7}.Debug|Any CPU.ActiveCfg = Debug|Any CPU
		{F9F0B855-358C-43CB-9443-A37A390FABD7}.Debug|Any CPU.Build.0 = Debug|Any CPU
		{F9F0B855-358C-43CB-9443-A37A390FABD7}.Release|Any CPU.ActiveCfg = Release|Any CPU
		{F9F0B855-358C-43CB-9443-A37A390FABD7}.Release|Any CPU.Build.0 = Release|Any CPU
		{3B61583B-FEFF-41FE-8401-773D4630725A}.Debug|Any CPU.ActiveCfg = Debug|Any CPU
		{3B61583B-FEFF-41FE-8401-773D4630725A}.Debug|Any CPU.Build.0 = Debug|Any CPU
		{3B61583B-FEFF-41FE-8401-773D4630725A}.Release|Any CPU.ActiveCfg = Release|Any CPU
		{3B61583B-FEFF-41FE-8401-773D4630725A}.Release|Any CPU.Build.0 = Release|Any CPU
		{C78D174E-2DAC-4C7D-891D-6A30A84C155B}.Debug|Any CPU.ActiveCfg = Debug|Any CPU
		{C78D174E-2DAC-4C7D-891D-6A30A84C155B}.Debug|Any CPU.Build.0 = Debug|Any CPU
		{C78D174E-2DAC-4C7D-891D-6A30A84C155B}.Release|Any CPU.ActiveCfg = Release|Any CPU
		{C78D174E-2DAC-4C7D-891D-6A30A84C155B}.Release|Any CPU.Build.0 = Release|Any CPU
		{FC9AEA1F-3DDC-43FE-824C-11C50E8E9B25}.Debug|Any CPU.ActiveCfg = Debug|Any CPU
		{FC9AEA1F-3DDC-43FE-824C-11C50E8E9B25}.Debug|Any CPU.Build.0 = Debug|Any CPU
		{FC9AEA1F-3DDC-43FE-824C-11C50E8E9B25}.Release|Any CPU.ActiveCfg = Release|Any CPU
		{FC9AEA1F-3DDC-43FE-824C-11C50E8E9B25}.Release|Any CPU.Build.0 = Release|Any CPU
	EndGlobalSection
	GlobalSection(SolutionProperties) = preSolution
		HideSolutionNode = FALSE
	EndGlobalSection
	GlobalSection(NestedProjects) = preSolution
		{8E0CAF29-4BFE-448C-9331-720D55EDD6E2} = {CB84A2BF-2653-4CEE-9AD6-6A511C7F64D3}
		{AEF78B2C-9B0E-487D-9B02-B101DAE07D9C} = {75C0BECC-7201-44A4-9FF3-0FD7684AAB88}
		{2B22E210-DF75-4B7C-9308-D1F8E8B09240} = {CB84A2BF-2653-4CEE-9AD6-6A511C7F64D3}
		{EB3585AA-B12E-414A-8F99-61452DA317DA} = {CB84A2BF-2653-4CEE-9AD6-6A511C7F64D3}
		{51841DA8-360B-4A4F-9D32-5AA08F319D03} = {CB84A2BF-2653-4CEE-9AD6-6A511C7F64D3}
		{58ECBB3B-36C1-4E1B-8556-0103D7CC0312} = {CB84A2BF-2653-4CEE-9AD6-6A511C7F64D3}
		{F9F0B855-358C-43CB-9443-A37A390FABD7} = {2DD5B555-7C60-4036-AF8C-A7072EAF1F6B}
		{3B61583B-FEFF-41FE-8401-773D4630725A} = {2DD5B555-7C60-4036-AF8C-A7072EAF1F6B}
		{C78D174E-2DAC-4C7D-891D-6A30A84C155B} = {2DD5B555-7C60-4036-AF8C-A7072EAF1F6B}
	EndGlobalSection
	GlobalSection(ExtensibilityGlobals) = postSolution
		SolutionGuid = {25F5F7BB-637E-4419-B38D-BAFA2E7D262E}
	EndGlobalSection
EndGlobal
